
Microsoft Visual Studio Solution File, Format Version 12.00
# Visual Studio 2013
VisualStudioVersion = 12.0.31101.0
MinimumVisualStudioVersion = 10.0.40219.1
Project("{FAE04EC0-301F-11D3-BF4B-00C04F79EFBC}") = "Network", "Network\Network.csproj", "{1EEF5DA7-0188-432C-8AE9-33AA5AACAC08}"
EndProject
Project("{FAE04EC0-301F-11D3-BF4B-00C04F79EFBC}") = "PSoft.Test", "WindowsFormsApplication1\PSoft.Test.csproj", "{513829F4-0C70-42BB-8A02-340A31D79A52}"
EndProject
Global
	GlobalSection(SolutionConfigurationPlatforms) = preSolution
		Debug|Any CPU = Debug|Any CPU
		Release|Any CPU = Release|Any CPU
	EndGlobalSection
	GlobalSection(ProjectConfigurationPlatforms) = postSolution
		{1EEF5DA7-0188-432C-8AE9-33AA5AACAC08}.Debug|Any CPU.ActiveCfg = Debug|Any CPU
		{1EEF5DA7-0188-432C-8AE9-33AA5AACAC08}.Debug|Any CPU.Build.0 = Debug|Any CPU
		{1EEF5DA7-0188-432C-8AE9-33AA5AACAC08}.Release|Any CPU.ActiveCfg = Release|Any CPU
		{1EEF5DA7-0188-432C-8AE9-33AA5AACAC08}.Release|Any CPU.Build.0 = Release|Any CPU
		{513829F4-0C70-42BB-8A02-340A31D79A52}.Debug|Any CPU.ActiveCfg = Debug|Any CPU
		{513829F4-0C70-42BB-8A02-340A31D79A52}.Debug|Any CPU.Build.0 = Debug|Any CPU
		{513829F4-0C70-42BB-8A02-340A31D79A52}.Release|Any CPU.ActiveCfg = Release|Any CPU
		{513829F4-0C70-42BB-8A02-340A31D79A52}.Release|Any CPU.Build.0 = Release|Any CPU
	EndGlobalSection
	GlobalSection(SolutionProperties) = preSolution
		HideSolutionNode = FALSE
	EndGlobalSection
EndGlobal
